
Microsoft Visual Studio Solution File, Format Version 12.00
# Visual Studio Version 17
VisualStudioVersion = 17.13.35818.85
MinimumVisualStudioVersion = 10.0.40219.1
Project("{FAE04EC0-301F-11D3-BF4B-00C04F79EFBC}") = "YTMusicApi", "YTMusic-api\YTMusicApi.csproj", "{12AE1EF2-6F06-4288-9CD8-A36EB7AA1114}"
EndProject
Project("{FAE04EC0-301F-11D3-BF4B-00C04F79EFBC}") = "YTMusicApi.Orchestrator", "YTMusicApi.Orchestrator\YTMusicApi.Orchestrator.csproj", "{7307C959-4D25-4B70-85E6-264F9BD3C79E}"
EndProject
Project("{FAE04EC0-301F-11D3-BF4B-00C04F79EFBC}") = "YTMusicApi.Model", "YTMusicApi.Model\YTMusicApi.Model.csproj", "{BB94893B-874F-4645-9D89-CAB7C4AF47F9}"
EndProject
Project("{FAE04EC0-301F-11D3-BF4B-00C04F79EFBC}") = "YTMusicApi.Data", "YTMusicApi.Data\YTMusicApi.Data.csproj", "{F4D9A11D-95E8-472F-ACB8-A0B884CF4E99}"
EndProject
Global
	GlobalSection(SolutionConfigurationPlatforms) = preSolution
		Debug|Any CPU = Debug|Any CPU
		Release|Any CPU = Release|Any CPU
	EndGlobalSection
	GlobalSection(ProjectConfigurationPlatforms) = postSolution
		{12AE1EF2-6F06-4288-9CD8-A36EB7AA1114}.Debug|Any CPU.ActiveCfg = Debug|Any CPU
		{12AE1EF2-6F06-4288-9CD8-A36EB7AA1114}.Debug|Any CPU.Build.0 = Debug|Any CPU
		{12AE1EF2-6F06-4288-9CD8-A36EB7AA1114}.Release|Any CPU.ActiveCfg = Release|Any CPU
		{12AE1EF2-6F06-4288-9CD8-A36EB7AA1114}.Release|Any CPU.Build.0 = Release|Any CPU
		{7307C959-4D25-4B70-85E6-264F9BD3C79E}.Debug|Any CPU.ActiveCfg = Debug|Any CPU
		{7307C959-4D25-4B70-85E6-264F9BD3C79E}.Debug|Any CPU.Build.0 = Debug|Any CPU
		{7307C959-4D25-4B70-85E6-264F9BD3C79E}.Release|Any CPU.ActiveCfg = Release|Any CPU
		{7307C959-4D25-4B70-85E6-264F9BD3C79E}.Release|Any CPU.Build.0 = Release|Any CPU
		{BB94893B-874F-4645-9D89-CAB7C4AF47F9}.Debug|Any CPU.ActiveCfg = Debug|Any CPU
		{BB94893B-874F-4645-9D89-CAB7C4AF47F9}.Debug|Any CPU.Build.0 = Debug|Any CPU
		{BB94893B-874F-4645-9D89-CAB7C4AF47F9}.Release|Any CPU.ActiveCfg = Release|Any CPU
		{BB94893B-874F-4645-9D89-CAB7C4AF47F9}.Release|Any CPU.Build.0 = Release|Any CPU
		{F4D9A11D-95E8-472F-ACB8-A0B884CF4E99}.Debug|Any CPU.ActiveCfg = Debug|Any CPU
		{F4D9A11D-95E8-472F-ACB8-A0B884CF4E99}.Debug|Any CPU.Build.0 = Debug|Any CPU
		{F4D9A11D-95E8-472F-ACB8-A0B884CF4E99}.Release|Any CPU.ActiveCfg = Release|Any CPU
		{F4D9A11D-95E8-472F-ACB8-A0B884CF4E99}.Release|Any CPU.Build.0 = Release|Any CPU
	EndGlobalSection
	GlobalSection(SolutionProperties) = preSolution
		HideSolutionNode = FALSE
	EndGlobalSection
	GlobalSection(ExtensibilityGlobals) = postSolution
		SolutionGuid = {BF577B4D-8856-4DE9-8F8F-4B679DC46F55}
	EndGlobalSection
EndGlobal
